{
  "name": "netlify-functions",
  "version": "1.0.0",
  "lockfileVersion": 2,
  "requires": true,
  "packages": {
    "": {
      "name": "netlify-functions",
      "version": "1.0.0",
      "description": "Dependencies for Netlify functions.",
      "dependencies": {
        "node-fetch": "^2.6.7"
      }
    },
    "node_modules/node-fetch": {
      "version": "2.6.7",
      "resolved": "https://registry.npmjs.org/node-fetch/-/node-fetch-2.6.7.tgz",
      "integrity": "sha512-gAtG9R21qPChwouSgCnsgYWJ+EgM6fK+oF6A8/VjP7D0R+Xh2f3d61/R68P2I5QOQ1/M5K/B8Wz5/A5w=="
    }
  },
  "dependencies": {
    "node-fetch": {
      "version": "2.6.7",
      "resolved": "https://registry.npmjs.org/node-fetch/-/node-fetch-2.6.7.tgz",
      "integrity": "sha512-gAtG9R21qPChwouSgCnsgYWJ+EgM6fK+oF6A8/VjP7D0R+Xh2f3d61/R68P2I5QOQ1/M5K/B8Wz5/A5w=="
    }
  }
}
